
Microsoft Visual Studio Solution File, Format Version 12.00
# Visual Studio Version 16
VisualStudioVersion = 16.0.30907.101
MinimumVisualStudioVersion = 10.0.40219.1
Project("{FAE04EC0-301F-11D3-BF4B-00C04F79EFBC}") = "Bebela_Modas", "Bebela_Modas.csproj", "{7AFA869A-272F-47C3-AC61-41F54693BB35}"
EndProject
Global
	GlobalSection(SolutionConfigurationPlatforms) = preSolution
		Debug|Any CPU = Debug|Any CPU
		Release|Any CPU = Release|Any CPU
	EndGlobalSection
	GlobalSection(ProjectConfigurationPlatforms) = postSolution
		{7AFA869A-272F-47C3-AC61-41F54693BB35}.Debug|Any CPU.ActiveCfg = Debug|Any CPU
		{7AFA869A-272F-47C3-AC61-41F54693BB35}.Debug|Any CPU.Build.0 = Debug|Any CPU
		{7AFA869A-272F-47C3-AC61-41F54693BB35}.Release|Any CPU.ActiveCfg = Release|Any CPU
		{7AFA869A-272F-47C3-AC61-41F54693BB35}.Release|Any CPU.Build.0 = Release|Any CPU
	EndGlobalSection
	GlobalSection(SolutionProperties) = preSolution
		HideSolutionNode = FALSE
	EndGlobalSection
	GlobalSection(ExtensibilityGlobals) = postSolution
		SolutionGuid = {29A79BE5-DD77-42B6-A441-6640CCE65BAB}
	EndGlobalSection
EndGlobal
